{
  "name": "codex-pet-quota",
  "version": "0.5.2",
  "lockfileVersion": 3,
  "requires": true,
  "packages": {
    "": {
      "name": "codex-pet-quota",
      "version": "0.5.2",
      "hasInstallScript": true,
      "license": "Apache-2.0",
      "bin": {
        "codex-pet-quota": "bin/codex-pet-quota.js"
      },
      "engines": {
        "node": ">=20"
      }
    }
  }
}
